
Microsoft Visual Studio Solution File, Format Version 12.00
# Visual Studio Version 16
VisualStudioVersion = 16.0.30204.135
MinimumVisualStudioVersion = 10.0.40219.1
Project("{9A19103F-16F7-4668-BE54-9A1E7A4F7556}") = "WebCommerce.Server", "WebCommerce\Server\WebCommerce.Server.csproj", "{2277707F-1B97-436C-A063-28F3144293B0}"
EndProject
Project("{9A19103F-16F7-4668-BE54-9A1E7A4F7556}") = "WebCommerce.Client", "WebCommerce\Client\WebCommerce.Client.csproj", "{5785B0EC-C7B8-4EF7-9DDB-BCF98B488CD5}"
EndProject
Project("{9A19103F-16F7-4668-BE54-9A1E7A4F7556}") = "BLL", "BLL\BLL.csproj", "{BD2F6C93-2125-4C5C-86FC-126B5E39734D}"
EndProject
Project("{9A19103F-16F7-4668-BE54-9A1E7A4F7556}") = "DAL", "DAL\DAL.csproj", "{F078414C-2A82-430C-9252-D19B31DD0214}"
EndProject
Global
	GlobalSection(SolutionConfigurationPlatforms) = preSolution
		Debug|Any CPU = Debug|Any CPU
		Release|Any CPU = Release|Any CPU
	EndGlobalSection
	GlobalSection(ProjectConfigurationPlatforms) = postSolution
		{2277707F-1B97-436C-A063-28F3144293B0}.Debug|Any CPU.ActiveCfg = Debug|Any CPU
		{2277707F-1B97-436C-A063-28F3144293B0}.Debug|Any CPU.Build.0 = Debug|Any CPU
		{2277707F-1B97-436C-A063-28F3144293B0}.Release|Any CPU.ActiveCfg = Release|Any CPU
		{2277707F-1B97-436C-A063-28F3144293B0}.Release|Any CPU.Build.0 = Release|Any CPU
		{5785B0EC-C7B8-4EF7-9DDB-BCF98B488CD5}.Debug|Any CPU.ActiveCfg = Debug|Any CPU
		{5785B0EC-C7B8-4EF7-9DDB-BCF98B488CD5}.Debug|Any CPU.Build.0 = Debug|Any CPU
		{5785B0EC-C7B8-4EF7-9DDB-BCF98B488CD5}.Release|Any CPU.ActiveCfg = Release|Any CPU
		{5785B0EC-C7B8-4EF7-9DDB-BCF98B488CD5}.Release|Any CPU.Build.0 = Release|Any CPU
		{BD2F6C93-2125-4C5C-86FC-126B5E39734D}.Debug|Any CPU.ActiveCfg = Debug|Any CPU
		{BD2F6C93-2125-4C5C-86FC-126B5E39734D}.Debug|Any CPU.Build.0 = Debug|Any CPU
		{BD2F6C93-2125-4C5C-86FC-126B5E39734D}.Release|Any CPU.ActiveCfg = Release|Any CPU
		{BD2F6C93-2125-4C5C-86FC-126B5E39734D}.Release|Any CPU.Build.0 = Release|Any CPU
		{F078414C-2A82-430C-9252-D19B31DD0214}.Debug|Any CPU.ActiveCfg = Debug|Any CPU
		{F078414C-2A82-430C-9252-D19B31DD0214}.Debug|Any CPU.Build.0 = Debug|Any CPU
		{F078414C-2A82-430C-9252-D19B31DD0214}.Release|Any CPU.ActiveCfg = Release|Any CPU
		{F078414C-2A82-430C-9252-D19B31DD0214}.Release|Any CPU.Build.0 = Release|Any CPU
	EndGlobalSection
	GlobalSection(SolutionProperties) = preSolution
		HideSolutionNode = FALSE
	EndGlobalSection
	GlobalSection(ExtensibilityGlobals) = postSolution
		SolutionGuid = {F4322B5E-68D3-4FE4-A241-3C9A120B8926}
	EndGlobalSection
EndGlobal
